// !$*UTF8*$!
{
	archiveVersion = 1;
	classes = {
	};
	objectVersion = 46;
	objects = {

/* Begin PBXBuildFile section */
		5AA46323991637BF4F95B26C /* libPods-JSONRenderKit.a in Frameworks */ = {isa = PBXBuildFile; fileRef = 60A18A53A9D1FE759A0B3272 /* libPods-JSONRenderKit.a */; };
		9B6C2B151F590DA2006F2215 /* SSTool.js in Resources */ = {isa = PBXBuildFile; fileRef = 9B6C2B131F590DA2006F2215 /* SSTool.js */; };
		9B6C2B161F590DA2006F2215 /* SSUIKit.js in Resources */ = {isa = PBXBuildFile; fileRef = 9B6C2B141F590DA2006F2215 /* SSUIKit.js */; };
		9B9565561F584A0E00C0BE90 /* JSONSpider.m in Sources */ = {isa = PBXBuildFile; fileRef = 9B9565541F584A0200C0BE90 /* JSONSpider.m */; };
		9BEE41C11F30CAFF00721C1B /* UIView+SSeparator.m in Sources */ = {isa = PBXBuildFile; fileRef = 9BEE41C01F30CAFF00721C1B /* UIView+SSeparator.m */; };
		9BF92A751F09CCCA00E838CD /* main.m in Sources */ = {isa = PBXBuildFile; fileRef = 9BF92A741F09CCCA00E838CD /* main.m */; };
		9BF92A781F09CCCA00E838CD /* AppDelegate.m in Sources */ = {isa = PBXBuildFile; fileRef = 9BF92A771F09CCCA00E838CD /* AppDelegate.m */; };
		9BF92A7B1F09CCCA00E838CD /* ViewController.m in Sources */ = {isa = PBXBuildFile; fileRef = 9BF92A7A1F09CCCA00E838CD /* ViewController.m */; };
		9BF92A7E1F09CCCA00E838CD /* Main.storyboard in Resources */ = {isa = PBXBuildFile; fileRef = 9BF92A7C1F09CCCA00E838CD /* Main.storyboard */; };
		9BF92A801F09CCCA00E838CD /* Assets.xcassets in Resources */ = {isa = PBXBuildFile; fileRef = 9BF92A7F1F09CCCA00E838CD /* Assets.xcassets */; };
		9BF92A831F09CCCA00E838CD /* LaunchScreen.storyboard in Resources */ = {isa = PBXBuildFile; fileRef = 9BF92A811F09CCCA00E838CD /* LaunchScreen.storyboard */; };
		9BF92AB21F09D16500E838CD /* NSObject+SSRender.m in Sources */ = {isa = PBXBuildFile; fileRef = 9BF92AA61F09D16500E838CD /* NSObject+SSRender.m */; };
		9BF92AB41F09D16500E838CD /* UIColor+SSRender.m in Sources */ = {isa = PBXBuildFile; fileRef = 9BF92AAA1F09D16500E838CD /* UIColor+SSRender.m */; };
		9BF92AB71F09D16500E838CD /* SSJSContext.m in Sources */ = {isa = PBXBuildFile; fileRef = 9BF92AB11F09D16500E838CD /* SSJSContext.m */; };
		9BF92AC11F09D4D600E838CD /* UIView+SSRender.m in Sources */ = {isa = PBXBuildFile; fileRef = 9BF92AC01F09D4D600E838CD /* UIView+SSRender.m */; };
		9BF92AC41F09D89300E838CD /* SSBaseRenderController.m in Sources */ = {isa = PBXBuildFile; fileRef = 9BF92AC31F09D89300E838CD /* SSBaseRenderController.m */; };
		9BF92AC71F09E14600E838CD /* UI.m in Sources */ = {isa = PBXBuildFile; fileRef = 9BF92AC61F09E14600E838CD /* UI.m */; };
		9BF92AD31F09EEE500E838CD /* SSListView.m in Sources */ = {isa = PBXBuildFile; fileRef = 9BF92ACE1F09EEE500E838CD /* SSListView.m */; };
		9BF92AD41F09EEE500E838CD /* SSListViewCell.m in Sources */ = {isa = PBXBuildFile; fileRef = 9BF92AD01F09EEE500E838CD /* SSListViewCell.m */; };
/* End PBXBuildFile section */

/* Begin PBXFileReference section */
		3BF6C0FD178E435B59C5F64B /* Pods-JSONRenderKit.release.xcconfig */ = {isa = PBXFileReference; includeInIndex = 1; lastKnownFileType = text.xcconfig; name = "Pods-JSONRenderKit.release.xcconfig"; path = "Pods/Target Support Files/Pods-JSONRenderKit/Pods-JSONRenderKit.release.xcconfig"; sourceTree = "<group>"; };
		60A18A53A9D1FE759A0B3272 /* libPods-JSONRenderKit.a */ = {isa = PBXFileReference; explicitFileType = archive.ar; includeInIndex = 0; path = "libPods-JSONRenderKit.a"; sourceTree = BUILT_PRODUCTS_DIR; };
		9B6C2B131F590DA2006F2215 /* SSTool.js */ = {isa = PBXFileReference; fileEncoding = 4; lastKnownFileType = sourcecode.javascript; path = SSTool.js; sourceTree = "<group>"; };
		9B6C2B141F590DA2006F2215 /* SSUIKit.js */ = {isa = PBXFileReference; fileEncoding = 4; lastKnownFileType = sourcecode.javascript; path = SSUIKit.js; sourceTree = "<group>"; };
		9B9565541F584A0200C0BE90 /* JSONSpider.m */ = {isa = PBXFileReference; lastKnownFileType = sourcecode.c.objc; path = JSONSpider.m; sourceTree = "<group>"; };
		9B9565551F584A0200C0BE90 /* JSONSpider.h */ = {isa = PBXFileReference; lastKnownFileType = sourcecode.c.h; path = JSONSpider.h; sourceTree = "<group>"; };
		9BEE41BF1F30CAFF00721C1B /* UIView+SSeparator.h */ = {isa = PBXFileReference; fileEncoding = 4; lastKnownFileType = sourcecode.c.h; path = "UIView+SSeparator.h"; sourceTree = "<group>"; };
		9BEE41C01F30CAFF00721C1B /* UIView+SSeparator.m */ = {isa = PBXFileReference; fileEncoding = 4; lastKnownFileType = sourcecode.c.objc; path = "UIView+SSeparator.m"; sourceTree = "<group>"; };
		9BEE41C51F316EC200721C1B /* CXMacros.h */ = {isa = PBXFileReference; lastKnownFileType = sourcecode.c.h; path = CXMacros.h; sourceTree = "<group>"; };
		9BF92A701F09CCCA00E838CD /* JSONRenderKit.app */ = {isa = PBXFileReference; explicitFileType = wrapper.application; includeInIndex = 0; path = JSONRenderKit.app; sourceTree = BUILT_PRODUCTS_DIR; };
		9BF92A741F09CCCA00E838CD /* main.m */ = {isa = PBXFileReference; lastKnownFileType = sourcecode.c.objc; path = main.m; sourceTree = "<group>"; };
		9BF92A761F09CCCA00E838CD /* AppDelegate.h */ = {isa = PBXFileReference; lastKnownFileType = sourcecode.c.h; path = AppDelegate.h; sourceTree = "<group>"; };
		9BF92A771F09CCCA00E838CD /* AppDelegate.m */ = {isa = PBXFileReference; lastKnownFileType = sourcecode.c.objc; path = AppDelegate.m; sourceTree = "<group>"; };
		9BF92A791F09CCCA00E838CD /* ViewController.h */ = {isa = PBXFileReference; lastKnownFileType = sourcecode.c.h; path = ViewController.h; sourceTree = "<group>"; };
		9BF92A7A1F09CCCA00E838CD /* ViewController.m */ = {isa = PBXFileReference; lastKnownFileType = sourcecode.c.objc; path = ViewController.m; sourceTree = "<group>"; };
		9BF92A7D1F09CCCA00E838CD /* Base */ = {isa = PBXFileReference; lastKnownFileType = file.storyboard; name = Base; path = Base.lproj/Main.storyboard; sourceTree = "<group>"; };
		9BF92A7F1F09CCCA00E838CD /* Assets.xcassets */ = {isa = PBXFileReference; lastKnownFileType = folder.assetcatalog; path = Assets.xcassets; sourceTree = "<group>"; };
		9BF92A821F09CCCA00E838CD /* Base */ = {isa = PBXFileReference; lastKnownFileType = file.storyboard; name = Base; path = Base.lproj/LaunchScreen.storyboard; sourceTree = "<group>"; };
		9BF92A841F09CCCA00E838CD /* Info.plist */ = {isa = PBXFileReference; lastKnownFileType = text.plist.xml; path = Info.plist; sourceTree = "<group>"; };
		9BF92AA51F09D16500E838CD /* NSObject+SSRender.h */ = {isa = PBXFileReference; fileEncoding = 4; lastKnownFileType = sourcecode.c.h; path = "NSObject+SSRender.h"; sourceTree = "<group>"; };
		9BF92AA61F09D16500E838CD /* NSObject+SSRender.m */ = {isa = PBXFileReference; fileEncoding = 4; lastKnownFileType = sourcecode.c.objc; path = "NSObject+SSRender.m"; sourceTree = "<group>"; };
		9BF92AA91F09D16500E838CD /* UIColor+SSRender.h */ = {isa = PBXFileReference; fileEncoding = 4; lastKnownFileType = sourcecode.c.h; path = "UIColor+SSRender.h"; sourceTree = "<group>"; };
		9BF92AAA1F09D16500E838CD /* UIColor+SSRender.m */ = {isa = PBXFileReference; fileEncoding = 4; lastKnownFileType = sourcecode.c.objc; path = "UIColor+SSRender.m"; sourceTree = "<group>"; };
		9BF92AB01F09D16500E838CD /* SSJSContext.h */ = {isa = PBXFileReference; fileEncoding = 4; lastKnownFileType = sourcecode.c.h; path = SSJSContext.h; sourceTree = "<group>"; };
		9BF92AB11F09D16500E838CD /* SSJSContext.m */ = {isa = PBXFileReference; fileEncoding = 4; lastKnownFileType = sourcecode.c.objc; path = SSJSContext.m; sourceTree = "<group>"; };
		9BF92ABF1F09D4D600E838CD /* UIView+SSRender.h */ = {isa = PBXFileReference; fileEncoding = 4; lastKnownFileType = sourcecode.c.h; path = "UIView+SSRender.h"; sourceTree = "<group>"; };
		9BF92AC01F09D4D600E838CD /* UIView+SSRender.m */ = {isa = PBXFileReference; fileEncoding = 4; lastKnownFileType = sourcecode.c.objc; path = "UIView+SSRender.m"; sourceTree = "<group>"; };
		9BF92AC21F09D89300E838CD /* SSBaseRenderController.h */ = {isa = PBXFileReference; fileEncoding = 4; lastKnownFileType = sourcecode.c.h; path = SSBaseRenderController.h; sourceTree = "<group>"; };
		9BF92AC31F09D89300E838CD /* SSBaseRenderController.m */ = {isa = PBXFileReference; fileEncoding = 4; lastKnownFileType = sourcecode.c.objc; path = SSBaseRenderController.m; sourceTree = "<group>"; };
		9BF92AC51F09E14500E838CD /* UI.h */ = {isa = PBXFileReference; fileEncoding = 4; lastKnownFileType = sourcecode.c.h; path = UI.h; sourceTree = "<group>"; };
		9BF92AC61F09E14600E838CD /* UI.m */ = {isa = PBXFileReference; fileEncoding = 4; lastKnownFileType = sourcecode.c.objc; path = UI.m; sourceTree = "<group>"; };
		9BF92ACD1F09EEE500E838CD /* SSListView.h */ = {isa = PBXFileReference; fileEncoding = 4; lastKnownFileType = sourcecode.c.h; path = SSListView.h; sourceTree = "<group>"; };
		9BF92ACE1F09EEE500E838CD /* SSListView.m */ = {isa = PBXFileReference; fileEncoding = 4; lastKnownFileType = sourcecode.c.objc; path = SSListView.m; sourceTree = "<group>"; };
		9BF92ACF1F09EEE500E838CD /* SSListViewCell.h */ = {isa = PBXFileReference; fileEncoding = 4; lastKnownFileType = sourcecode.c.h; path = SSListViewCell.h; sourceTree = "<group>"; };
		9BF92AD01F09EEE500E838CD /* SSListViewCell.m */ = {isa = PBXFileReference; fileEncoding = 4; lastKnownFileType = sourcecode.c.objc; path = SSListViewCell.m; sourceTree = "<group>"; };
		BD2ED334C2508258A1FE4041 /* Pods-JSONRenderKit.debug.xcconfig */ = {isa = PBXFileReference; includeInIndex = 1; lastKnownFileType = text.xcconfig; name = "Pods-JSONRenderKit.debug.xcconfig"; path = "Pods/Target Support Files/Pods-JSONRenderKit/Pods-JSONRenderKit.debug.xcconfig"; sourceTree = "<group>"; };
/* End PBXFileReference section */

/* Begin PBXFrameworksBuildPhase section */
		9BF92A6D1F09CCCA00E838CD /* Frameworks */ = {
			isa = PBXFrameworksBuildPhase;
			buildActionMask = 2147483647;
			files = (
				5AA46323991637BF4F95B26C /* libPods-JSONRenderKit.a in Frameworks */,
			);
			runOnlyForDeploymentPostprocessing = 0;
		};
/* End PBXFrameworksBuildPhase section */

/* Begin PBXGroup section */
		6A97DE087410B25D3318608A /* Pods */ = {
			isa = PBXGroup;
			children = (
				BD2ED334C2508258A1FE4041 /* Pods-JSONRenderKit.debug.xcconfig */,
				3BF6C0FD178E435B59C5F64B /* Pods-JSONRenderKit.release.xcconfig */,
			);
			name = Pods;
			sourceTree = "<group>";
		};
		9B6C2B121F590DA2006F2215 /* JavaScript */ = {
			isa = PBXGroup;
			children = (
				9B6C2B131F590DA2006F2215 /* SSTool.js */,
				9B6C2B141F590DA2006F2215 /* SSUIKit.js */,
			);
			path = JavaScript;
			sourceTree = "<group>";
		};
		9BF92A671F09CCCA00E838CD = {
			isa = PBXGroup;
			children = (
				9BF92A8A1F09CD4000E838CD /* Core */,
				9BF92A721F09CCCA00E838CD /* JSONRenderKit */,
				9BF92A711F09CCCA00E838CD /* Products */,
				6A97DE087410B25D3318608A /* Pods */,
				BC47EBE06AFB448189A1E82B /* Frameworks */,
			);
			sourceTree = "<group>";
		};
		9BF92A711F09CCCA00E838CD /* Products */ = {
			isa = PBXGroup;
			children = (
				9BF92A701F09CCCA00E838CD /* JSONRenderKit.app */,
			);
			name = Products;
			sourceTree = "<group>";
		};
		9BF92A721F09CCCA00E838CD /* JSONRenderKit */ = {
			isa = PBXGroup;
			children = (
				9BF92A761F09CCCA00E838CD /* AppDelegate.h */,
				9BF92A771F09CCCA00E838CD /* AppDelegate.m */,
				9BF92A791F09CCCA00E838CD /* ViewController.h */,
				9BF92A7A1F09CCCA00E838CD /* ViewController.m */,
				9BF92A7C1F09CCCA00E838CD /* Main.storyboard */,
				9BF92A7F1F09CCCA00E838CD /* Assets.xcassets */,
				9BF92A811F09CCCA00E838CD /* LaunchScreen.storyboard */,
				9BF92A841F09CCCA00E838CD /* Info.plist */,
				9BF92A731F09CCCA00E838CD /* Supporting Files */,
			);
			path = JSONRenderKit;
			sourceTree = "<group>";
		};
		9BF92A731F09CCCA00E838CD /* Supporting Files */ = {
			isa = PBXGroup;
			children = (
				9BF92A741F09CCCA00E838CD /* main.m */,
			);
			name = "Supporting Files";
			sourceTree = "<group>";
		};
		9BF92A8A1F09CD4000E838CD /* Core */ = {
			isa = PBXGroup;
			children = (
				9B6C2B121F590DA2006F2215 /* JavaScript */,
				9BF92AA41F09D16500E838CD /* Category */,
				9BF92AAF1F09D16500E838CD /* NativeSupport */,
			);
			path = Core;
			sourceTree = "<group>";
		};
		9BF92AA41F09D16500E838CD /* Category */ = {
			isa = PBXGroup;
			children = (
				9BEE41BF1F30CAFF00721C1B /* UIView+SSeparator.h */,
				9BEE41C01F30CAFF00721C1B /* UIView+SSeparator.m */,
				9BF92AA51F09D16500E838CD /* NSObject+SSRender.h */,
				9BF92AA61F09D16500E838CD /* NSObject+SSRender.m */,
				9BF92ABF1F09D4D600E838CD /* UIView+SSRender.h */,
				9BF92AC01F09D4D600E838CD /* UIView+SSRender.m */,
				9BF92AA91F09D16500E838CD /* UIColor+SSRender.h */,
				9BF92AAA1F09D16500E838CD /* UIColor+SSRender.m */,
			);
			path = Category;
			sourceTree = "<group>";
		};
		9BF92AAF1F09D16500E838CD /* NativeSupport */ = {
			isa = PBXGroup;
			children = (
				9B9565551F584A0200C0BE90 /* JSONSpider.h */,
				9B9565541F584A0200C0BE90 /* JSONSpider.m */,
				9BF92ACC1F09EEBF00E838CD /* SSListView */,
				9BEE41C51F316EC200721C1B /* CXMacros.h */,
				9BF92AC51F09E14500E838CD /* UI.h */,
				9BF92AC61F09E14600E838CD /* UI.m */,
				9BF92AB01F09D16500E838CD /* SSJSContext.h */,
				9BF92AB11F09D16500E838CD /* SSJSContext.m */,
				9BF92AC21F09D89300E838CD /* SSBaseRenderController.h */,
				9BF92AC31F09D89300E838CD /* SSBaseRenderController.m */,
			);
			path = NativeSupport;
			sourceTree = "<group>";
		};
		9BF92ACC1F09EEBF00E838CD /* SSListView */ = {
			isa = PBXGroup;
			children = (
				9BF92ACD1F09EEE500E838CD /* SSListView.h */,
				9BF92ACE1F09EEE500E838CD /* SSListView.m */,
				9BF92ACF1F09EEE500E838CD /* SSListViewCell.h */,
				9BF92AD01F09EEE500E838CD /* SSListViewCell.m */,
			);
			path = SSListView;
			sourceTree = "<group>";
		};
		BC47EBE06AFB448189A1E82B /* Frameworks */ = {
			isa = PBXGroup;
			children = (
				60A18A53A9D1FE759A0B3272 /* libPods-JSONRenderKit.a */,
			);
			name = Frameworks;
			sourceTree = "<group>";
		};
/* End PBXGroup section */

/* Begin PBXNativeTarget section */
		9BF92A6F1F09CCCA00E838CD /* JSONRenderKit */ = {
			isa = PBXNativeTarget;
			buildConfigurationList = 9BF92A871F09CCCA00E838CD /* Build configuration list for PBXNativeTarget "JSONRenderKit" */;
			buildPhases = (
				486AB7277B95B3EE3A733334 /* [CP] Check Pods Manifest.lock */,
				9BF92A6C1F09CCCA00E838CD /* Sources */,
				9BF92A6D1F09CCCA00E838CD /* Frameworks */,
				9BF92A6E1F09CCCA00E838CD /* Resources */,
				7FDD94D0B36DBCDE869C4B98 /* [CP] Embed Pods Frameworks */,
				835C98FBE90A42AD002F705B /* [CP] Copy Pods Resources */,
			);
			buildRules = (
			);
			dependencies = (
			);
			name = JSONRenderKit;
			productName = JSONRenderKit;
			productReference = 9BF92A701F09CCCA00E838CD /* JSONRenderKit.app */;
			productType = "com.apple.product-type.application";
		};
/* End PBXNativeTarget section */

/* Begin PBXProject section */
		9BF92A681F09CCCA00E838CD /* Project object */ = {
			isa = PBXProject;
			attributes = {
				LastUpgradeCheck = 0900;
				ORGANIZATIONNAME = com.feelings;
				TargetAttributes = {
					9BF92A6F1F09CCCA00E838CD = {
						CreatedOnToolsVersion = 8.3.2;
						DevelopmentTeam = C9LLPH449N;
						ProvisioningStyle = Automatic;
					};
				};
			};
			buildConfigurationList = 9BF92A6B1F09CCCA00E838CD /* Build configuration list for PBXProject "JSONRenderKit" */;
			compatibilityVersion = "Xcode 3.2";
			developmentRegion = English;
			hasScannedForEncodings = 0;
			knownRegions = (
				en,
				Base,
			);
			mainGroup = 9BF92A671F09CCCA00E838CD;
			productRefGroup = 9BF92A711F09CCCA00E838CD /* Products */;
			projectDirPath = "";
			projectRoot = "";
			targets = (
				9BF92A6F1F09CCCA00E838CD /* JSONRenderKit */,
			);
		};
/* End PBXProject section */

/* Begin PBXResourcesBuildPhase section */
		9BF92A6E1F09CCCA00E838CD /* Resources */ = {
			isa = PBXResourcesBuildPhase;
			buildActionMask = 2147483647;
			files = (
				9B6C2B151F590DA2006F2215 /* SSTool.js in Resources */,
				9BF92A831F09CCCA00E838CD /* LaunchScreen.storyboard in Resources */,
				9BF92A801F09CCCA00E838CD /* Assets.xcassets in Resources */,
				9B6C2B161F590DA2006F2215 /* SSUIKit.js in Resources */,
				9BF92A7E1F09CCCA00E838CD /* Main.storyboard in Resources */,
			);
			runOnlyForDeploymentPostprocessing = 0;
		};
/* End PBXResourcesBuildPhase section */

/* Begin PBXShellScriptBuildPhase section */
		486AB7277B95B3EE3A733334 /* [CP] Check Pods Manifest.lock */ = {
			isa = PBXShellScriptBuildPhase;
			buildActionMask = 2147483647;
			files = (
			);
			inputPaths = (
				"${PODS_PODFILE_DIR_PATH}/Podfile.lock",
				"${PODS_ROOT}/Manifest.lock",
			);
			name = "[CP] Check Pods Manifest.lock";
			outputPaths = (
				"$(DERIVED_FILE_DIR)/Pods-JSONRenderKit-checkManifestLockResult.txt",
			);
			runOnlyForDeploymentPostprocessing = 0;
			shellPath = /bin/sh;
			shellScript = "diff \"${PODS_PODFILE_DIR_PATH}/Podfile.lock\" \"${PODS_ROOT}/Manifest.lock\" > /dev/null\nif [ $? != 0 ] ; then\n    # print error to STDERR\n    echo \"error: The sandbox is not in sync with the Podfile.lock. Run 'pod install' or update your CocoaPods installation.\" >&2\n    exit 1\nfi\n# This output is used by Xcode 'outputs' to avoid re-running this script phase.\necho \"SUCCESS\" > \"${SCRIPT_OUTPUT_FILE_0}\"\n";
			showEnvVarsInLog = 0;
		};
		7FDD94D0B36DBCDE869C4B98 /* [CP] Embed Pods Frameworks */ = {
			isa = PBXShellScriptBuildPhase;
			buildActionMask = 2147483647;
			files = (
			);
			inputPaths = (
				"${SRCROOT}/Pods/Target Support Files/Pods-JSONRenderKit/Pods-JSONRenderKit-frameworks.sh",
				"${BUILT_PRODUCTS_DIR}/AFNetworking/AFNetworking.framework",
				"${BUILT_PRODUCTS_DIR}/SDWebImage/SDWebImage.framework",
				"${BUILT_PRODUCTS_DIR}/Yoga/yoga.framework",
				"${BUILT_PRODUCTS_DIR}/YogaKit/YogaKit.framework",
			);
			name = "[CP] Embed Pods Frameworks";
			outputPaths = (
				"${TARGET_BUILD_DIR}/${FRAMEWORKS_FOLDER_PATH}/AFNetworking.framework",
				"${TARGET_BUILD_DIR}/${FRAMEWORKS_FOLDER_PATH}/SDWebImage.framework",
				"${TARGET_BUILD_DIR}/${FRAMEWORKS_FOLDER_PATH}/yoga.framework",
				"${TARGET_BUILD_DIR}/${FRAMEWORKS_FOLDER_PATH}/YogaKit.framework",
			);
			runOnlyForDeploymentPostprocessing = 0;
			shellPath = /bin/sh;
			shellScript = "\"${SRCROOT}/Pods/Target Support Files/Pods-JSONRenderKit/Pods-JSONRenderKit-frameworks.sh\"\n";
			showEnvVarsInLog = 0;
		};
		835C98FBE90A42AD002F705B /* [CP] Copy Pods Resources */ = {
			isa = PBXShellScriptBuildPhase;
			buildActionMask = 2147483647;
			files = (
			);
			inputPaths = (
			);
			name = "[CP] Copy Pods Resources";
			outputPaths = (
			);
			runOnlyForDeploymentPostprocessing = 0;
			shellPath = /bin/sh;
			shellScript = "\"${SRCROOT}/Pods/Target Support Files/Pods-JSONRenderKit/Pods-JSONRenderKit-resources.sh\"\n";
			showEnvVarsInLog = 0;
		};
/* End PBXShellScriptBuildPhase section */

/* Begin PBXSourcesBuildPhase section */
		9BF92A6C1F09CCCA00E838CD /* Sources */ = {
			isa = PBXSourcesBuildPhase;
			buildActionMask = 2147483647;
			files = (
				9B9565561F584A0E00C0BE90 /* JSONSpider.m in Sources */,
				9BF92AC71F09E14600E838CD /* UI.m in Sources */,
				9BF92AC41F09D89300E838CD /* SSBaseRenderController.m in Sources */,
				9BF92AB71F09D16500E838CD /* SSJSContext.m in Sources */,
				9BF92A7B1F09CCCA00E838CD /* ViewController.m in Sources */,
				9BEE41C11F30CAFF00721C1B /* UIView+SSeparator.m in Sources */,
				9BF92A781F09CCCA00E838CD /* AppDelegate.m in Sources */,
				9BF92AD31F09EEE500E838CD /* SSListView.m in Sources */,
				9BF92AD41F09EEE500E838CD /* SSListViewCell.m in Sources */,
				9BF92AC11F09D4D600E838CD /* UIView+SSRender.m in Sources */,
				9BF92A751F09CCCA00E838CD /* main.m in Sources */,
				9BF92AB21F09D16500E838CD /* NSObject+SSRender.m in Sources */,
				9BF92AB41F09D16500E838CD /* UIColor+SSRender.m in Sources */,
			);
			runOnlyForDeploymentPostprocessing = 0;
		};
/* End PBXSourcesBuildPhase section */

/* Begin PBXVariantGroup section */
		9BF92A7C1F09CCCA00E838CD /* Main.storyboard */ = {
			isa = PBXVariantGroup;
			children = (
				9BF92A7D1F09CCCA00E838CD /* Base */,
			);
			name = Main.storyboard;
			sourceTree = "<group>";
		};
		9BF92A811F09CCCA00E838CD /* LaunchScreen.storyboard */ = {
			isa = PBXVariantGroup;
			children = (
				9BF92A821F09CCCA00E838CD /* Base */,
			);
			name = LaunchScreen.storyboard;
			sourceTree = "<group>";
		};
/* End PBXVariantGroup section */

/* Begin XCBuildConfiguration section */
		9BF92A851F09CCCA00E838CD /* Debug */ = {
			isa = XCBuildConfiguration;
			buildSettings = {
				ALWAYS_SEARCH_USER_PATHS = NO;
				CLANG_ANALYZER_NONNULL = YES;
				CLANG_ANALYZER_NUMBER_OBJECT_CONVERSION = YES_AGGRESSIVE;
				CLANG_CXX_LANGUAGE_STANDARD = "gnu++0x";
				CLANG_CXX_LIBRARY = "libc++";
				CLANG_ENABLE_MODULES = YES;
				CLANG_ENABLE_OBJC_ARC = YES;
				CLANG_WARN_BLOCK_CAPTURE_AUTORELEASING = YES;
				CLANG_WARN_BOOL_CONVERSION = YES;
				CLANG_WARN_COMMA = YES;
				CLANG_WARN_CONSTANT_CONVERSION = YES;
				CLANG_WARN_DIRECT_OBJC_ISA_USAGE = YES_ERROR;
				CLANG_WARN_DOCUMENTATION_COMMENTS = YES;
				CLANG_WARN_EMPTY_BODY = YES;
				CLANG_WARN_ENUM_CONVERSION = YES;
				CLANG_WARN_INFINITE_RECURSION = YES;
				CLANG_WARN_INT_CONVERSION = YES;
				CLANG_WARN_NON_LITERAL_NULL_CONVERSION = YES;
				CLANG_WARN_OBJC_LITERAL_CONVERSION = YES;
				CLANG_WARN_OBJC_ROOT_CLASS = YES_ERROR;
				CLANG_WARN_RANGE_LOOP_ANALYSIS = YES;
				CLANG_WARN_STRICT_PROTOTYPES = YES;
				CLANG_WARN_SUSPICIOUS_MOVE = YES;
				CLANG_WARN_UNREACHABLE_CODE = YES;
				CLANG_WARN__DUPLICATE_METHOD_MATCH = YES;
				"CODE_SIGN_IDENTITY[sdk=iphoneos*]" = "iPhone Developer";
				COPY_PHASE_STRIP = NO;
				DEBUG_INFORMATION_FORMAT = dwarf;
				ENABLE_STRICT_OBJC_MSGSEND = YES;
				ENABLE_TESTABILITY = YES;
				GCC_C_LANGUAGE_STANDARD = gnu99;
				GCC_DYNAMIC_NO_PIC = NO;
				GCC_NO_COMMON_BLOCKS = YES;
				GCC_OPTIMIZATION_LEVEL = 0;
				GCC_PREPROCESSOR_DEFINITIONS = (
					"DEBUG=1",
					"$(inherited)",
				);
				GCC_WARN_64_TO_32_BIT_CONVERSION = YES;
				GCC_WARN_ABOUT_RETURN_TYPE = YES_ERROR;
				GCC_WARN_UNDECLARED_SELECTOR = YES;
				GCC_WARN_UNINITIALIZED_AUTOS = YES_AGGRESSIVE;
				GCC_WARN_UNUSED_FUNCTION = YES;
				GCC_WARN_UNUSED_VARIABLE = YES;
				IPHONEOS_DEPLOYMENT_TARGET = 10.3;
				MTL_ENABLE_DEBUG_INFO = YES;
				ONLY_ACTIVE_ARCH = YES;
				SDKROOT = iphoneos;
			};
			name = Debug;
		};
		9BF92A861F09CCCA00E838CD /* Release */ = {
			isa = XCBuildConfiguration;
			buildSettings = {
				ALWAYS_SEARCH_USER_PATHS = NO;
				CLANG_ANALYZER_NONNULL = YES;
				CLANG_ANALYZER_NUMBER_OBJECT_CONVERSION = YES_AGGRESSIVE;
				CLANG_CXX_LANGUAGE_STANDARD = "gnu++0x";
				CLANG_CXX_LIBRARY = "libc++";
				CLANG_ENABLE_MODULES = YES;
				CLANG_ENABLE_OBJC_ARC = YES;
				CLANG_WARN_BLOCK_CAPTURE_AUTORELEASING = YES;
				CLANG_WARN_BOOL_CONVERSION = YES;
				CLANG_WARN_COMMA = YES;
				CLANG_WARN_CONSTANT_CONVERSION = YES;
				CLANG_WARN_DIRECT_OBJC_ISA_USAGE = YES_ERROR;
				CLANG_WARN_DOCUMENTATION_COMMENTS = YES;
				CLANG_WARN_EMPTY_BODY = YES;
				CLANG_WARN_ENUM_CONVERSION = YES;
				CLANG_WARN_INFINITE_RECURSION = YES;
				CLANG_WARN_INT_CONVERSION = YES;
				CLANG_WARN_NON_LITERAL_NULL_CONVERSION = YES;
				CLANG_WARN_OBJC_LITERAL_CONVERSION = YES;
				CLANG_WARN_OBJC_ROOT_CLASS = YES_ERROR;
				CLANG_WARN_RANGE_LOOP_ANALYSIS = YES;
				CLANG_WARN_STRICT_PROTOTYPES = YES;
				CLANG_WARN_SUSPICIOUS_MOVE = YES;
				CLANG_WARN_UNREACHABLE_CODE = YES;
				CLANG_WARN__DUPLICATE_METHOD_MATCH = YES;
				"CODE_SIGN_IDENTITY[sdk=iphoneos*]" = "iPhone Developer";
				COPY_PHASE_STRIP = NO;
				DEBUG_INFORMATION_FORMAT = "dwarf-with-dsym";
				ENABLE_NS_ASSERTIONS = NO;
				ENABLE_STRICT_OBJC_MSGSEND = YES;
				GCC_C_LANGUAGE_STANDARD = gnu99;
				GCC_NO_COMMON_BLOCKS = YES;
				GCC_WARN_64_TO_32_BIT_CONVERSION = YES;
				GCC_WARN_ABOUT_RETURN_TYPE = YES_ERROR;
				GCC_WARN_UNDECLARED_SELECTOR = YES;
				GCC_WARN_UNINITIALIZED_AUTOS = YES_AGGRESSIVE;
				GCC_WARN_UNUSED_FUNCTION = YES;
				GCC_WARN_UNUSED_VARIABLE = YES;
				IPHONEOS_DEPLOYMENT_TARGET = 10.3;
				MTL_ENABLE_DEBUG_INFO = NO;
				SDKROOT = iphoneos;
				VALIDATE_PRODUCT = YES;
			};
			name = Release;
		};
		9BF92A881F09CCCA00E838CD /* Debug */ = {
			isa = XCBuildConfiguration;
			baseConfigurationReference = BD2ED334C2508258A1FE4041 /* Pods-JSONRenderKit.debug.xcconfig */;
			buildSettings = {
				ASSETCATALOG_COMPILER_APPICON_NAME = AppIcon;
				DEVELOPMENT_TEAM = C9LLPH449N;
				INFOPLIST_FILE = JSONRenderKit/Info.plist;
				IPHONEOS_DEPLOYMENT_TARGET = 8.0;
				LD_RUNPATH_SEARCH_PATHS = "$(inherited) @executable_path/Frameworks";
				PRODUCT_BUNDLE_IDENTIFIER = feelings.LTD.JSONRenderKit;
				PRODUCT_NAME = "$(TARGET_NAME)";
			};
			name = Debug;
		};
		9BF92A891F09CCCA00E838CD /* Release */ = {
			isa = XCBuildConfiguration;
			baseConfigurationReference = 3BF6C0FD178E435B59C5F64B /* Pods-JSONRenderKit.release.xcconfig */;
			buildSettings = {
				ASSETCATALOG_COMPILER_APPICON_NAME = AppIcon;
				DEVELOPMENT_TEAM = C9LLPH449N;
				INFOPLIST_FILE = JSONRenderKit/Info.plist;
				IPHONEOS_DEPLOYMENT_TARGET = 8.0;
				LD_RUNPATH_SEARCH_PATHS = "$(inherited) @executable_path/Frameworks";
				PRODUCT_BUNDLE_IDENTIFIER = feelings.LTD.JSONRenderKit;
				PRODUCT_NAME = "$(TARGET_NAME)";
			};
			name = Release;
		};
/* End XCBuildConfiguration section */

/* Begin XCConfigurationList section */
		9BF92A6B1F09CCCA00E838CD /* Build configuration list for PBXProject "JSONRenderKit" */ = {
			isa = XCConfigurationList;
			buildConfigurations = (
				9BF92A851F09CCCA00E838CD /* Debug */,
				9BF92A861F09CCCA00E838CD /* Release */,
			);
			defaultConfigurationIsVisible = 0;
			defaultConfigurationName = Release;
		};
		9BF92A871F09CCCA00E838CD /* Build configuration list for PBXNativeTarget "JSONRenderKit" */ = {
			isa = XCConfigurationList;
			buildConfigurations = (
				9BF92A881F09CCCA00E838CD /* Debug */,
				9BF92A891F09CCCA00E838CD /* Release */,
			);
			defaultConfigurationIsVisible = 0;
			defaultConfigurationName = Release;
		};
/* End XCConfigurationList section */
	};
	rootObject = 9BF92A681F09CCCA00E838CD /* Project object */;
}
